
Microsoft Visual Studio Solution File, Format Version 12.00
# Visual Studio Version 16
VisualStudioVersion = 16.0.31129.286
MinimumVisualStudioVersion = 10.0.40219.1
Project("{FAE04EC0-301F-11D3-BF4B-00C04F79EFBC}") = "Solucao.Sudoku.console", "Solucao.Sudoku.console\Solucao.Sudoku.console.csproj", "{D81DC345-C53D-4B42-BFD3-EFED578A0F0B}"
EndProject
Global
	GlobalSection(SolutionConfigurationPlatforms) = preSolution
		Debug|Any CPU = Debug|Any CPU
		Release|Any CPU = Release|Any CPU
	EndGlobalSection
	GlobalSection(ProjectConfigurationPlatforms) = postSolution
		{D81DC345-C53D-4B42-BFD3-EFED578A0F0B}.Debug|Any CPU.ActiveCfg = Debug|Any CPU
		{D81DC345-C53D-4B42-BFD3-EFED578A0F0B}.Debug|Any CPU.Build.0 = Debug|Any CPU
		{D81DC345-C53D-4B42-BFD3-EFED578A0F0B}.Release|Any CPU.ActiveCfg = Release|Any CPU
		{D81DC345-C53D-4B42-BFD3-EFED578A0F0B}.Release|Any CPU.Build.0 = Release|Any CPU
	EndGlobalSection
	GlobalSection(SolutionProperties) = preSolution
		HideSolutionNode = FALSE
	EndGlobalSection
	GlobalSection(ExtensibilityGlobals) = postSolution
		SolutionGuid = {B9AA3D93-B8AB-4693-979C-96328774B636}
	EndGlobalSection
EndGlobal
