
Microsoft Visual Studio Solution File, Format Version 12.00
# Visual Studio Version 16
VisualStudioVersion = 16.0.31129.286
MinimumVisualStudioVersion = 10.0.40219.1
Project("{FAE04EC0-301F-11D3-BF4B-00C04F79EFBC}") = "Tupiniquim_1", "Robo\Tupiniquim_1.csproj", "{47BDAFAA-085D-46C4-B34F-0CC74B2F53B6}"
EndProject
Global
	GlobalSection(SolutionConfigurationPlatforms) = preSolution
		Debug|Any CPU = Debug|Any CPU
		Release|Any CPU = Release|Any CPU
	EndGlobalSection
	GlobalSection(ProjectConfigurationPlatforms) = postSolution
		{47BDAFAA-085D-46C4-B34F-0CC74B2F53B6}.Debug|Any CPU.ActiveCfg = Debug|Any CPU
		{47BDAFAA-085D-46C4-B34F-0CC74B2F53B6}.Debug|Any CPU.Build.0 = Debug|Any CPU
		{47BDAFAA-085D-46C4-B34F-0CC74B2F53B6}.Release|Any CPU.ActiveCfg = Release|Any CPU
		{47BDAFAA-085D-46C4-B34F-0CC74B2F53B6}.Release|Any CPU.Build.0 = Release|Any CPU
	EndGlobalSection
	GlobalSection(SolutionProperties) = preSolution
		HideSolutionNode = FALSE
	EndGlobalSection
	GlobalSection(ExtensibilityGlobals) = postSolution
		SolutionGuid = {55A8F5F7-A00E-41D9-82B5-4FC527A23925}
	EndGlobalSection
EndGlobal
